
Microsoft Visual Studio Solution File, Format Version 12.00
# Visual Studio 15
VisualStudioVersion = 15.0.28010.2016
MinimumVisualStudioVersion = 10.0.40219.1
Project("{FAE04EC0-301F-11D3-BF4B-00C04F79EFBC}") = "ConsoleApp1", "ConsoleApp1\ConsoleApp1.csproj", "{F025770E-298A-4A50-B29E-97D18BABF2F3}"
EndProject
Global
	GlobalSection(SolutionConfigurationPlatforms) = preSolution
		Debug|Any CPU = Debug|Any CPU
		Release|Any CPU = Release|Any CPU
	EndGlobalSection
	GlobalSection(ProjectConfigurationPlatforms) = postSolution
		{F025770E-298A-4A50-B29E-97D18BABF2F3}.Debug|Any CPU.ActiveCfg = Debug|Any CPU
		{F025770E-298A-4A50-B29E-97D18BABF2F3}.Debug|Any CPU.Build.0 = Debug|Any CPU
		{F025770E-298A-4A50-B29E-97D18BABF2F3}.Release|Any CPU.ActiveCfg = Release|Any CPU
		{F025770E-298A-4A50-B29E-97D18BABF2F3}.Release|Any CPU.Build.0 = Release|Any CPU
	EndGlobalSection
	GlobalSection(SolutionProperties) = preSolution
		HideSolutionNode = FALSE
	EndGlobalSection
	GlobalSection(ExtensibilityGlobals) = postSolution
		SolutionGuid = {301ADCFF-E746-4F3A-8582-906D7BA5C08C}
	EndGlobalSection
EndGlobal
